{
  "version": 4,
  "terraform_version": "1.6.6",
  "serial": 22,
  "lineage": "8a611c1d-5331-2493-cb96-2552fe42eadc",
  "outputs": {},
  "resources": [
    {
      "mode": "data",
      "type": "aws_caller_identity",
      "name": "this",
      "provider": "provider[\"registry.terraform.io/hashicorp/aws\"]",
      "instances": [
        {
          "schema_version": 0,
          "attributes": {
            "account_id": "343953890282",
            "arn": "arn:aws:iam::343953890282:user/Austin",
            "id": "343953890282",
            "user_id": "AIDAVAFJ73PVFGWK24R7W"
          },
          "sensitive_attributes": []
        }
      ]
    },
    {
      "mode": "data",
      "type": "aws_ecr_authorization_token",
      "name": "this",
      "provider": "provider[\"registry.terraform.io/hashicorp/aws\"]",
      "instances": [
        {
          "schema_version": 0,
          "attributes": {
            "authorization_token": "QVdTOmV5SndZWGxzYjJGa0lqb2ljQzlDYlhwcE5rVktlbE5CTUN0aVJHTXdibkpqTkZKbVRYZ3hOVmd4YVhjd1ExVlVZWFZwT1RsaWRqaHJkWEoyTm5Kdk9DdDNVV1ZOVVRKRGJUQnlTMlJISzNJMU9DOXpVbE0yUzBWUlVYSnRaRlppUTJOQ1l6RkVjMnQxYkN0d05UQjFjM05UZEhkbFJrSnlWeXRrYTA5M2IyZHRhREZ2Y0VSU1NXRnhZbUZNTW5KWVFVUjJNemhuZFVFclJFSkhTWFJuUjFReVRDdEphekpXUkZseWJFRXdVVlU1VEhwallWWjBkaTlhWWtKV1RWQkhSUzgwYzBFeWF6UjJSV0ZPYm1oV05GZzVPVVpwUTI1dGJGcFBkRVZaZWtGdmJHdzFVRkpaWld4cFdsVjVUakZ2YkhadmVGQjFZM0J2TjNaTFVVMVNRVFJhYUVJM01YTk5lamxSVURCYWVXVXlOVWhDYlc1eE1tWk1SVUpaUlRrclltRjRTMUV2U0V4TVNYb3ZZM2hTZEROdFdsaE9LMWgxTUZoRU0weFBNR1ZKWTJVNFlYcGFaM1ZoYW1JeFIwWkZXamxuYmpWdVN5dGFRbTVuYXpGNGJsZGlSbUY0UldOaVVuVm5VRE5LWTFOTk5sUnZZbXBFTlRWelZUQjRXVk5WZFRsc2F5dDBUSG8wWW1SeFp5OVlWR2xtVHk5eFltdHZPVFJFV0ZwcUwwNW1hMVZtZG0xYVdWcEdUMkl4VURCdFRtWm5LekUxUkRkd1ZVRlBXbW95VUZGT1RtVXpOazlyTml0eGEzaHVXRnB0TjBwWFFYSmtkV3gwWnpaV2MwSkdNSFpVU25neFp6SmlORzlHU3pORWVYQjJlWGgyVldSWGIyOTFZbEZRYUd4SVoyRkJlVkExU0hSSlMyUjNNbEp5WkZOUVoweHNlVFJCVUVGUWNHTmhWRTFOUzNZd1Vta3pSalZTUWxsVmVHRXJPQzg0U3pKWldYa3hiekZhZERkeFMwbzVOM1JYZG0xclEzazRaVEl5YjBwMVdtTnFTRlZxY0N0T1MwNHpjVXM0ZEZSS1ZuaFpWa0ZoTTNwTVZEZ3JhRGhuY1N0dVJTODFiM3AwTURsMlNGVTRSekpGVmsxQ1Rsa3dOSEZqUlZoNk0yWTBWVUZTYmpsdmNVcDRlRTQ0Y0ZoS01sSTNNVFl4TVcxbk9HUnBSSHBoY1dReWIwc3ZWR1pZZFc4ek1EQm9TVTFHV0hCTlNtcHJUQzkyVG1sT2N6ZFhOMGRUTDJGbFExSjVkV1pSZERoeFZuWTRURFp4YjA0M1FXUkpZa2x5UzJGYWRUQmlValVyVDFOSGFHRlhMMlZPZDNWM1R6ZEdRV2RhVWxKQk1FTlBZWEFyZW5OR01XUlZibkkyVmxsdFpGWkxiVzF3VG1sM1JpdEVUbmdyYkVGTlppOUlSV2hOYlZwb1dXdFVjVTQyYUVWQ05qWjVaMU5pUldOTFdrNTZRVVJXUVhwT1VUazFNMlpOU2xwSFNXdHRSeTlNYTBST05UTnNjR05pTWtSNFJHWm9ZakV3VEZKUlR6UmlTVlVyV1U5SGRsbDJiUzlhWVRsU1YwTnRjbkJsYUhSSlJVWkNhV1Z2TjA1cmIzSTRhRkpqVUdONVNuaDZTM2RaUzAxbFVHOVZPR0UxY0ZwWWNVYzJSakZpU0VFeWVXeFRXV2hJVjJOR1IwOWlZMnhFZEhOck5uWkpZWFpxVkdKMFFYcEdXblJ2TkhsaVNqRkdObnBJV1hkWmNqSmhRa3BUTDNwWWFWRXdhMnhEZDNabGNYUnZSRTV1YUc1NlkyaEhNMmgxWlhGelpYUXdUU0lzSW1SaGRHRnJaWGtpT2lKQlVVVkNRVWhxUWpjdmFXZDNUV2MwVGxCM1lYVnllRk5KV1hnMFNHWnVlSFZIWXk4ME9HSkVkM1ozUkhCT1dWZGFaMEZCUVVnMGQyWkJXVXBMYjFwSmFIWmpUa0ZSWTBkdlJ6aDNZbEZKUWtGRVFtOUNaMnR4YUd0cFJ6bDNNRUpDZDBWM1NHZFpTbGxKV2tsQlYxVkVRa0ZGZFUxQ1JVVkVTMkozZGpoWFUzSnNWMHA1V2xKUWNsRkpRa1ZKUVRkMU5FVjNMMHhqVkVOVVRUVnRabmMyYUM5bFFVTmFORlZJZFV0WEsyOXhRa0ZDUVVOa1RHMXFjR0pFVm13NFkyaE5Xa1UzY0RGdlUyNUVkR0V2WjAxQk4zTkJXRVpzY2pkTWJXODBObmQzUFNJc0luWmxjbk5wYjI0aU9pSXlJaXdpZEhsd1pTSTZJa1JCVkVGZlMwVlpJaXdpWlhod2FYSmhkR2x2YmlJNk1UY3lORFkyTXpBek9IMD0=",
            "expires_at": "2024-08-26T09:03:58Z",
            "id": "us-east-2",
            "password": "eyJwYXlsb2FkIjoicC9CbXppNkVKelNBMCtiRGMwbnJjNFJmTXgxNVgxaXcwQ1VUYXVpOTlidjhrdXJ2NnJvOCt3UWVNUTJDbTByS2RHK3I1OC9zUlM2S0VRUXJtZFZiQ2NCYzFEc2t1bCtwNTB1c3NTdHdlRkJyVytka093b2dtaDFvcERSSWFxYmFMMnJYQUR2MzhndUErREJHSXRnR1QyTCtJazJWRFlybEEwUVU5THpjYVZ0di9aYkJWTVBHRS80c0EyazR2RWFObmhWNFg5OUZpQ25tbFpPdEVZekFvbGw1UFJZZWxpWlV5TjFvbHZveFB1Y3BvN3ZLUU1SQTRaaEI3MXNNejlRUDBaeWUyNUhCbW5xMmZMRUJZRTkrYmF4S1EvSExMSXovY3hSdDNtWlhOK1h1MFhEM0xPMGVJY2U4YXpaZ3VhamIxR0ZFWjlnbjVuSytaQm5nazF4bldiRmF4RWNiUnVnUDNKY1NNNlRvYmpENTVzVTB4WVNVdTlsayt0THo0YmRxZy9YVGlmTy9xYmtvOTREWFpqL05ma1Vmdm1aWVpGT2IxUDBtTmZnKzE1RDdwVUFPWmoyUFFOTmUzNk9rNitxa3huWFptN0pXQXJkdWx0ZzZWc0JGMHZUSngxZzJiNG9GSzNEeXB2eXh2VWRXb291YlFQaGxIZ2FBeVA1SHRJS2R3MlJyZFNQZ0xseTRBUEFQcGNhVE1NS3YwUmkzRjVSQllVeGErOC84SzJZWXkxbzFadDdxS0o5N3RXdm1rQ3k4ZTIyb0p1WmNqSFVqcCtOS04zcUs4dFRKVnhZVkFhM3pMVDgraDhncStuRS81b3p0MDl2SFU4RzJFVk1CTlkwNHFjRVh6M2Y0VUFSbjlvcUp4eE44cFhKMlI3MTYxMW1nOGRpRHphcWQyb0svVGZYdW8zMDBoSU1GWHBNSmprTC92TmlOczdXN0dTL2FlQ1J5dWZRdDhxVnY4TDZxb043QWRJYklyS2FadTBiUjUrT1NHaGFXL2VOd3V3TzdGQWdaUlJBMENPYXArenNGMWRVbnI2VlltZFZLbW1wTml3RitETngrbEFNZi9IRWhNbVpoWWtUcU42aEVCNjZ5Z1NiRWNLWk56QURWQXpOUTk1M2ZNSlpHSWttRy9Ma0RONTNscGNiMkR4RGZoYjEwTFJRTzRiSVUrWU9Hdll2bS9aYTlSV0NtcnBlaHRJRUZCaWVvN05rb3I4aFJjUGN5Snh6S3dZS01lUG9VOGE1cFpYcUc2RjFiSEEyeWxTWWhIV2NGR09iY2xEdHNrNnZJYXZqVGJ0QXpGWnRvNHliSjFGNnpIWXdZcjJhQkpTL3pYaVEwa2xDd3ZlcXRvRE5uaG56Y2hHM2h1ZXFzZXQwTSIsImRhdGFrZXkiOiJBUUVCQUhqQjcvaWd3TWc0TlB3YXVyeFNJWXg0SGZueHVHYy80OGJEd3Z3RHBOWVdaZ0FBQUg0d2ZBWUpLb1pJaHZjTkFRY0dvRzh3YlFJQkFEQm9CZ2txaGtpRzl3MEJCd0V3SGdZSllJWklBV1VEQkFFdU1CRUVES2J3djhXU3JsV0p5WlJQclFJQkVJQTd1NEV3L0xjVENUTTVtZnc2aC9lQUNaNFVIdUtXK29xQkFCQUNkTG1qcGJEVmw4Y2hNWkU3cDFvU25EdGEvZ01BN3NBWEZscjdMbW80Nnd3PSIsInZlcnNpb24iOiIyIiwidHlwZSI6IkRBVEFfS0VZIiwiZXhwaXJhdGlvbiI6MTcyNDY2MzAzOH0=",
            "proxy_endpoint": "https://343953890282.dkr.ecr.us-east-2.amazonaws.com",
            "registry_id": null,
            "user_name": "AWS"
          },
          "sensitive_attributes": []
        }
      ]
    },
    {
      "mode": "data",
      "type": "aws_region",
      "name": "this",
      "provider": "provider[\"registry.terraform.io/hashicorp/aws\"]",
      "instances": [
        {
          "schema_version": 0,
          "attributes": {
            "description": "US East (Ohio)",
            "endpoint": "ec2.us-east-2.amazonaws.com",
            "id": "us-east-2",
            "name": "us-east-2"
          },
          "sensitive_attributes": []
        }
      ]
    },
    {
      "mode": "managed",
      "type": "aws_ecs_cluster",
      "name": "main",
      "provider": "provider[\"registry.terraform.io/hashicorp/aws\"]",
      "instances": [
        {
          "schema_version": 0,
          "attributes": {
            "arn": "arn:aws:ecs:us-east-2:343953890282:cluster/nextjs-email-app-cluster",
            "capacity_providers": [],
            "configuration": [],
            "default_capacity_provider_strategy": [],
            "id": "arn:aws:ecs:us-east-2:343953890282:cluster/nextjs-email-app-cluster",
            "name": "nextjs-email-app-cluster",
            "service_connect_defaults": [],
            "setting": [
              {
                "name": "containerInsights",
                "value": "disabled"
              }
            ],
            "tags": {},
            "tags_all": {}
          },
          "sensitive_attributes": [],
          "private": "bnVsbA=="
        }
      ]
    },
    {
      "mode": "managed",
      "type": "aws_ecs_service",
      "name": "main",
      "provider": "provider[\"registry.terraform.io/hashicorp/aws\"]",
      "instances": [
        {
          "schema_version": 0,
          "attributes": {
            "alarms": [],
            "capacity_provider_strategy": [],
            "cluster": "arn:aws:ecs:us-east-2:343953890282:cluster/nextjs-email-app-cluster",
            "deployment_circuit_breaker": [
              {
                "enable": false,
                "rollback": false
              }
            ],
            "deployment_controller": [
              {
                "type": "ECS"
              }
            ],
            "deployment_maximum_percent": 200,
            "deployment_minimum_healthy_percent": 100,
            "desired_count": 1,
            "enable_ecs_managed_tags": false,
            "enable_execute_command": false,
            "force_new_deployment": null,
            "health_check_grace_period_seconds": 0,
            "iam_role": "/aws-service-role/ecs.amazonaws.com/AWSServiceRoleForECS",
            "id": "arn:aws:ecs:us-east-2:343953890282:service/nextjs-email-app-cluster/nextjs-service",
            "launch_type": "FARGATE",
            "load_balancer": [],
            "name": "nextjs-service",
            "network_configuration": [
              {
                "assign_public_ip": false,
                "security_groups": [
                  "sg-074729ee9559a841a"
                ],
                "subnets": [
                  "subnet-05e86722c54ccbe96"
                ]
              }
            ],
            "ordered_placement_strategy": [],
            "placement_constraints": [],
            "platform_version": "LATEST",
            "propagate_tags": "NONE",
            "scheduling_strategy": "REPLICA",
            "service_connect_configuration": [],
            "service_registries": [],
            "tags": {},
            "tags_all": {},
            "task_definition": "arn:aws:ecs:us-east-2:343953890282:task-definition/nextjs-task:1",
            "timeouts": null,
            "triggers": {},
            "wait_for_steady_state": false
          },
          "sensitive_attributes": [],
          "private": "eyJlMmJmYjczMC1lY2FhLTExZTYtOGY4OC0zNDM2M2JjN2M0YzAiOnsiY3JlYXRlIjoxMjAwMDAwMDAwMDAwLCJkZWxldGUiOjEyMDAwMDAwMDAwMDAsInVwZGF0ZSI6MTIwMDAwMDAwMDAwMH19",
          "dependencies": [
            "aws_ecs_cluster.main",
            "aws_ecs_task_definition.nextjs",
            "aws_iam_role.ecs_task_execution_role"
          ]
        }
      ]
    },
    {
      "mode": "managed",
      "type": "aws_ecs_task_definition",
      "name": "nextjs",
      "provider": "provider[\"registry.terraform.io/hashicorp/aws\"]",
      "instances": [
        {
          "schema_version": 1,
          "attributes": {
            "arn": "arn:aws:ecs:us-east-2:343953890282:task-definition/nextjs-task:1",
            "arn_without_revision": "arn:aws:ecs:us-east-2:343953890282:task-definition/nextjs-task",
            "container_definitions": "[{\"cpu\":256,\"environment\":[],\"essential\":true,\"image\":\"next-email-app:latest\",\"memory\":512,\"mountPoints\":[],\"name\":\"nextjs-container\",\"portMappings\":[{\"containerPort\":3000,\"hostPort\":3000,\"protocol\":\"tcp\"}],\"systemControls\":[],\"volumesFrom\":[]}]",
            "cpu": "256",
            "ephemeral_storage": [],
            "execution_role_arn": "arn:aws:iam::343953890282:role/ecsTaskExecutionRole",
            "family": "nextjs-task",
            "id": "nextjs-task",
            "inference_accelerator": [],
            "ipc_mode": "",
            "memory": "512",
            "network_mode": "awsvpc",
            "pid_mode": "",
            "placement_constraints": [],
            "proxy_configuration": [],
            "requires_compatibilities": [
              "FARGATE"
            ],
            "revision": 1,
            "runtime_platform": [],
            "skip_destroy": false,
            "tags": {},
            "tags_all": {},
            "task_role_arn": "arn:aws:iam::343953890282:role/ecsTaskExecutionRole",
            "volume": []
          },
          "sensitive_attributes": [],
          "private": "eyJzY2hlbWFfdmVyc2lvbiI6IjEifQ==",
          "dependencies": [
            "aws_iam_role.ecs_task_execution_role"
          ]
        }
      ]
    },
    {
      "mode": "managed",
      "type": "aws_iam_role",
      "name": "ecs_task_execution_role",
      "provider": "provider[\"registry.terraform.io/hashicorp/aws\"]",
      "instances": [
        {
          "schema_version": 0,
          "attributes": {
            "arn": "arn:aws:iam::343953890282:role/ecsTaskExecutionRole",
            "assume_role_policy": "{\"Statement\":[{\"Action\":\"sts:AssumeRole\",\"Effect\":\"Allow\",\"Principal\":{\"Service\":\"ecs-tasks.amazonaws.com\"}}],\"Version\":\"2012-10-17\"}",
            "create_date": "2024-08-25T18:20:07Z",
            "description": "",
            "force_detach_policies": false,
            "id": "ecsTaskExecutionRole",
            "inline_policy": [],
            "managed_policy_arns": [
              "arn:aws:iam::aws:policy/service-role/AmazonECSTaskExecutionRolePolicy"
            ],
            "max_session_duration": 3600,
            "name": "ecsTaskExecutionRole",
            "name_prefix": "",
            "path": "/",
            "permissions_boundary": null,
            "role_last_used": [
              {
                "last_used_date": "",
                "region": ""
              }
            ],
            "tags": {},
            "tags_all": {},
            "unique_id": "AROAVAFJ73PVE364OM5YH"
          },
          "sensitive_attributes": [],
          "private": "bnVsbA=="
        }
      ]
    },
    {
      "module": "module.ecr",
      "mode": "data",
      "type": "aws_caller_identity",
      "name": "current",
      "provider": "provider[\"registry.terraform.io/hashicorp/aws\"]",
      "instances": [
        {
          "schema_version": 0,
          "attributes": {
            "account_id": "343953890282",
            "arn": "arn:aws:iam::343953890282:user/Austin",
            "id": "343953890282",
            "user_id": "AIDAVAFJ73PVFGWK24R7W"
          },
          "sensitive_attributes": []
        }
      ]
    },
    {
      "module": "module.ecr",
      "mode": "data",
      "type": "aws_iam_policy_document",
      "name": "repository",
      "provider": "provider[\"registry.terraform.io/hashicorp/aws\"]",
      "instances": [
        {
          "index_key": 0,
          "schema_version": 0,
          "attributes": {
            "id": "3602830071",
            "json": "{\n  \"Version\": \"2012-10-17\",\n  \"Statement\": [\n    {\n      \"Sid\": \"PrivateReadOnly\",\n      \"Effect\": \"Allow\",\n      \"Action\": [\n        \"ecr:ListTagsForResource\",\n        \"ecr:ListImages\",\n        \"ecr:GetRepositoryPolicy\",\n        \"ecr:GetLifecyclePolicyPreview\",\n        \"ecr:GetLifecyclePolicy\",\n        \"ecr:GetDownloadUrlForLayer\",\n        \"ecr:GetAuthorizationToken\",\n        \"ecr:DescribeRepositories\",\n        \"ecr:DescribeImages\",\n        \"ecr:DescribeImageScanFindings\",\n        \"ecr:BatchGetImage\",\n        \"ecr:BatchCheckLayerAvailability\"\n      ],\n      \"Principal\": {\n        \"AWS\": \"arn:aws:iam::343953890282:root\"\n      }\n    }\n  ]\n}",
            "override_json": null,
            "override_policy_documents": null,
            "policy_id": null,
            "source_json": null,
            "source_policy_documents": null,
            "statement": [
              {
                "actions": [
                  "ecr:BatchCheckLayerAvailability",
                  "ecr:BatchGetImage",
                  "ecr:DescribeImageScanFindings",
                  "ecr:DescribeImages",
                  "ecr:DescribeRepositories",
                  "ecr:GetAuthorizationToken",
                  "ecr:GetDownloadUrlForLayer",
                  "ecr:GetLifecyclePolicy",
                  "ecr:GetLifecyclePolicyPreview",
                  "ecr:GetRepositoryPolicy",
                  "ecr:ListImages",
                  "ecr:ListTagsForResource"
                ],
                "condition": [],
                "effect": "Allow",
                "not_actions": [],
                "not_principals": [],
                "not_resources": [],
                "principals": [
                  {
                    "identifiers": [
                      "arn:aws:iam::343953890282:root"
                    ],
                    "type": "AWS"
                  }
                ],
                "resources": [],
                "sid": "PrivateReadOnly"
              }
            ],
            "version": "2012-10-17"
          },
          "sensitive_attributes": []
        }
      ]
    },
    {
      "module": "module.ecr",
      "mode": "data",
      "type": "aws_partition",
      "name": "current",
      "provider": "provider[\"registry.terraform.io/hashicorp/aws\"]",
      "instances": [
        {
          "schema_version": 0,
          "attributes": {
            "dns_suffix": "amazonaws.com",
            "id": "aws",
            "partition": "aws",
            "reverse_dns_prefix": "com.amazonaws"
          },
          "sensitive_attributes": []
        }
      ]
    },
    {
      "module": "module.ecr",
      "mode": "managed",
      "type": "aws_ecr_lifecycle_policy",
      "name": "this",
      "provider": "provider[\"registry.terraform.io/hashicorp/aws\"]",
      "instances": [
        {
          "index_key": 0,
          "schema_version": 0,
          "attributes": {
            "id": "next-email-app",
            "policy": "{\"rules\":[{\"action\":{\"type\":\"expire\"},\"description\":\"Delete all images except a handful of the newest images\",\"rulePriority\":1,\"selection\":{\"countNumber\":3,\"countType\":\"imageCountMoreThan\",\"tagStatus\":\"any\"}}]}",
            "registry_id": "343953890282",
            "repository": "next-email-app"
          },
          "sensitive_attributes": [],
          "private": "bnVsbA==",
          "dependencies": [
            "module.ecr.aws_ecr_repository.this"
          ]
        }
      ]
    },
    {
      "module": "module.ecr",
      "mode": "managed",
      "type": "aws_ecr_repository",
      "name": "this",
      "provider": "provider[\"registry.terraform.io/hashicorp/aws\"]",
      "instances": [
        {
          "index_key": 0,
          "schema_version": 0,
          "attributes": {
            "arn": "arn:aws:ecr:us-east-2:343953890282:repository/next-email-app",
            "encryption_configuration": [
              {
                "encryption_type": "AES256",
                "kms_key": ""
              }
            ],
            "force_delete": true,
            "id": "next-email-app",
            "image_scanning_configuration": [
              {
                "scan_on_push": true
              }
            ],
            "image_tag_mutability": "IMMUTABLE",
            "name": "next-email-app",
            "registry_id": "343953890282",
            "repository_url": "343953890282.dkr.ecr.us-east-2.amazonaws.com/next-email-app",
            "tags": {},
            "tags_all": {},
            "timeouts": null
          },
          "sensitive_attributes": [],
          "private": "eyJlMmJmYjczMC1lY2FhLTExZTYtOGY4OC0zNDM2M2JjN2M0YzAiOnsiZGVsZXRlIjoxMjAwMDAwMDAwMDAwfX0="
        }
      ]
    },
    {
      "module": "module.ecr",
      "mode": "managed",
      "type": "aws_ecr_repository_policy",
      "name": "this",
      "provider": "provider[\"registry.terraform.io/hashicorp/aws\"]",
      "instances": [
        {
          "index_key": 0,
          "schema_version": 0,
          "attributes": {
            "id": "next-email-app",
            "policy": "{\"Statement\":[{\"Action\":[\"ecr:ListTagsForResource\",\"ecr:ListImages\",\"ecr:GetRepositoryPolicy\",\"ecr:GetLifecyclePolicyPreview\",\"ecr:GetLifecyclePolicy\",\"ecr:GetDownloadUrlForLayer\",\"ecr:GetAuthorizationToken\",\"ecr:DescribeRepositories\",\"ecr:DescribeImages\",\"ecr:DescribeImageScanFindings\",\"ecr:BatchGetImage\",\"ecr:BatchCheckLayerAvailability\"],\"Effect\":\"Allow\",\"Principal\":{\"AWS\":\"arn:aws:iam::343953890282:root\"},\"Sid\":\"PrivateReadOnly\"}],\"Version\":\"2012-10-17\"}",
            "registry_id": "343953890282",
            "repository": "next-email-app"
          },
          "sensitive_attributes": [],
          "private": "bnVsbA==",
          "dependencies": [
            "module.ecr.aws_ecr_repository.this",
            "module.ecr.data.aws_caller_identity.current",
            "module.ecr.data.aws_iam_policy_document.repository",
            "module.ecr.data.aws_partition.current"
          ]
        }
      ]
    },
    {
      "module": "module.ecr",
      "mode": "managed",
      "type": "aws_ecrpublic_repository",
      "name": "this",
      "provider": "provider[\"registry.terraform.io/hashicorp/aws\"]",
      "instances": []
    }
  ],
  "check_results": null
}
