{
  "version": 4,
  "terraform_version": "1.6.6",
  "serial": 25,
  "lineage": "8a611c1d-5331-2493-cb96-2552fe42eadc",
  "outputs": {},
  "resources": [
    {
      "mode": "data",
      "type": "aws_caller_identity",
      "name": "this",
      "provider": "provider[\"registry.terraform.io/hashicorp/aws\"]",
      "instances": [
        {
          "schema_version": 0,
          "attributes": {
            "account_id": "343953890282",
            "arn": "arn:aws:iam::343953890282:user/Austin",
            "id": "343953890282",
            "user_id": "AIDAVAFJ73PVFGWK24R7W"
          },
          "sensitive_attributes": []
        }
      ]
    },
    {
      "mode": "data",
      "type": "aws_ecr_authorization_token",
      "name": "this",
      "provider": "provider[\"registry.terraform.io/hashicorp/aws\"]",
      "instances": [
        {
          "schema_version": 0,
          "attributes": {
            "authorization_token": "QVdTOmV5SndZWGxzYjJGa0lqb2lRVmN6Wkd4aWVrRjBNemhWYTA5TFZraFhiSFJYWVVoYVRteG1hWEJxY25BMmNqUmxZMHM0VjJaU2JXcEpOV2w0VWpGc1NHeHZVMUpZV1RoMlJsYzFUWGd5T0VwNlVEUjNVV3BUYUcxVGNUUnRiVWRMUXpaSU9ISXZkR1pDVGpSWFdtZGlTRzg0Y2xwNVRFeDJTRm8wYUVjMmIzTlhjMXBHTkhwak5WUm5TazFLV0ZsSmNXZGpTRW8yYjFKa2FuaHdZMmhaZDJwR1NsQlhNMUV4VFhNcmFXcG5UMFYxZW1rMU9HOVhkM1F6YUZGWmJqbERNVVYzZUV0VllqSXdZelY1VjNKQ1duUmtPSFJsTjB3cmRtbGhiMFkzY1ZseVl6Y3pZazlDY0RReU1WbFBVbGs1YnpsWFdtTnBTMWRJTjJwcmIzaFplR3gwU2tVMUwxZzVPVTVSV0ZkTldDODNhVE5hZEZndllXUkdUMng2WTFvM1VrRllhR0pITVVvclMzbFRkazh5ZFZGVVF6SjVWVXd3TjJRdlRHUnFPVWhUWTBkTlJtWjJSRkl5V0d0bmFHeDRiMWxqT0VGeFEwVm9MMUpOTXpFM1dIZzJRMFJxVXpoamFsbE5VWGQ0YzJFd2RYRjJjbkpyYzA1clF6ZDFUV2h3TDJoTFpFdDJUbm96WVVaRmNWQXpZbVZMTHpKeVQxWm5VSGRGY0VkdWQxQTFSVTlwVDNocFMzUkdZVlE1ZDFsSGNrdzNZakJFV2pSdmFrODJWV0ZMTlVoWE9EUXZUR3g0VmxaQ1RqQlVReXROWWl0elRFcHFNMnA2TVV4QloyNUtOazkzVDBwRk1ETTJSV2t5VkVnd1psVXJjVWRPWjFOUFRFOTNhVFpPU1ZkMEwyMVdWRWRvUldsc09FaHZhMVpRTDNFMFptUXdjWEZqZGpWa1ZFeEZhbVpaWTFWek5VVkhUU3RWYW5GQk5YbHJkR2x4TURKYU9XWnJiV1VyWlU1S1VUZDFaVGx6VEZCaE1IcHZjV3N2WWpGUlozVm5SRVJoUVhWeFpVeE9aa05qVjNJeWJXNUNUMWN2Tm5ab1FtZEhVMDVxVVhFNGJrcHZOMUpsZVdOQ1RGRnpWMWRNTWtwWE9HNVpkM0ZEYjA5RmRWTjJURXhETWtWa1oyUldSMjh6VFhneVNVVnlkMVo1UTFCeVN6ZGpObGRpVGxaRlpHWk5OMmxuVkhvNEwzZDVhR1JIWVRKaVVFUnZhbFpJUWtRMFkzYzBSemx3TkhoeE9HYzJaMGhwV2xONmRrMDFXalpsVVhoWlpqWk9OMnR0V0hwbmVXdGFXWGRITUdoU0wwUldRMGx4Tm1aRk1UQnFVbFUzZDFOcFVXbzJWRWRTZG5aRFUzSkdjMGR5ZFV0cGJsbE9aVmxOZW5SU1RERjFja1pOZWpObU5tcG9kMDVOTW5FMFlYWm5WRW8zYzNjeWNYbzFiV0ZVUjJ3NE5WRkxNVmczYXk5RVJrRTNabXhZVDBGbGRqWTNSMkpCWldSMWRtOXZkVTUxU0RjM2VESkhaMWxEUjI5cGVWUmtOalJ5VlZoS1JVUldZVUpMYjB0aFIyZGpNemRPSzJGUGNqSk9UVFZpV2pKRVUyRm5OaTlaVEhoMWFWZ3hUM1IyVG1SemExVnJZMWxVVW5sdmN6ZG1TMlZVT1dkWFMyOVhRMWRJTTA1UmVYRlFia28xVXpoVldXWTVNME4yTldzMlVsWjBjRkEyVkZGMVoxcDFTRmxFV0N0a2JVVlhVamhuTUc0NUsyTmtSRXhqU0RkdGNpOUNUSFl5UWxGSWR6UjFXVk5TUzNocFowSmxNeUlzSW1SaGRHRnJaWGtpT2lKQlVVVkNRVWhxUWpjdmFXZDNUV2MwVGxCM1lYVnllRk5KV1hnMFNHWnVlSFZIWXk4ME9HSkVkM1ozUkhCT1dWZGFaMEZCUVVnMGQyWkJXVXBMYjFwSmFIWmpUa0ZSWTBkdlJ6aDNZbEZKUWtGRVFtOUNaMnR4YUd0cFJ6bDNNRUpDZDBWM1NHZFpTbGxKV2tsQlYxVkVRa0ZGZFUxQ1JVVkVTM2xMWWtvM2RXcGpSMHBvVWpGNFVFRkpRa1ZKUVRkNmRucFNWVkpUYUVOaGJHdGFaV1pQZERkeGRYbEhObUpTWm5rM1dIaG5hbTgzTTJ0U2NVRlFXVTFQWlZKYU1FbzVla1ZJZFRObGExaG1VSG8wTkVac01IZFNNRlZIUkhSVVFrNXBPV3hSUFNJc0luWmxjbk5wYjI0aU9pSXlJaXdpZEhsd1pTSTZJa1JCVkVGZlMwVlpJaXdpWlhod2FYSmhkR2x2YmlJNk1UY3lORFkyTmpFMk9YMD0=",
            "expires_at": "2024-08-26T09:56:09Z",
            "id": "us-east-2",
            "password": "eyJwYXlsb2FkIjoiQVczZGxiekF0MzhVa09LVkhXbHRXYUhaTmxmaXBqcnA2cjRlY0s4V2ZSbWpJNWl4UjFsSGxvU1JYWTh2Rlc1TXgyOEp6UDR3UWpTaG1TcTRtbUdLQzZIOHIvdGZCTjRXWmdiSG84clp5TEx2SFo0aEc2b3NXc1pGNHpjNVRnSk1KWFlJcWdjSEo2b1JkanhwY2hZd2pGSlBXM1ExTXMraWpnT0V1emk1OG9Xd3QzaFFZbjlDMUV3eEtVYjIwYzV5V3JCWnRkOHRlN0wrdmlhb0Y3cVlyYzczYk9CcDQyMVlPUlk5bzlXWmNpS1dIN2prb3hZeGx0SkU1L1g5OU5RWFdNWC83aTNadFgvYWRGT2x6Y1o3UkFYaGJHMUorS3lTdk8ydVFUQzJ5VUwwN2QvTGRqOUhTY0dNRmZ2RFIyWGtnaGx4b1ljOEFxQ0VoL1JNMzE3WHg2Q0RqUzhjallNUXd4c2EwdXF2cnJrc05rQzd1TWhwL2hLZEt2TnozYUZFcVAzYmVLLzJyT1ZnUHdFcEdud1A1RU9pT3hpS3RGYVQ5d1lHckw3YjBEWjRvak82VWFLNUhXODQvTGx4VlZCTjBUQytNYitzTEpqM2p6MUxBZ25KNk93T0pFMDM2RWkyVEgwZlUrcUdOZ1NPTE93aTZOSVd0L21WVEdoRWlsOEhva1ZQL3E0ZmQwcXFjdjVkVExFamZZY1VzNUVHTStVanFBNXlrdGlxMDJaOWZrbWUrZU5KUTd1ZTlzTFBhMHpvcWsvYjFRZ3VnRERhQXVxZUxOZkNjV3IybW5CT1cvNnZoQmdHU05qUXE4bkpvN1JleWNCTFFzV1dMMkpXOG5Zd3FDb09FdVN2TExDMkVkZ2RWR28zTXgySUVyd1Z5Q1BySzdjNldiTlZFZGZNN2lnVHo4L3d5aGRHYTJiUERvalZIQkQ0Y3c0RzlwNHhxOGc2Z0hpWlN6dk01WjZlUXhZZjZON2ttWHpneWtaWXdHMGhSL0RWQ0lxNmZFMTBqUlU3d1NpUWo2VEdSdnZDU3JGc0dydUtpbllOZVlNenRSTDF1ckZNejNmNmpod05NMnE0YXZnVEo3c3cycXo1bWFUR2w4NVFLMVg3ay9ERkE3ZmxYT0FldjY3R2JBZWR1dm9vdU51SDc3eDJHZ1lDR29peVRkNjRyVVhKRURWYUJLb0thR2djMzdOK2FPcjJOTTViWjJEU2FnNi9ZTHh1aVgxT3R2TmRza1VrY1lUUnlvczdmS2VUOWdXS29XQ1dIM05ReXFQbko1UzhVWWY5M0N2NWs2UlZ0cFA2VFF1Z1p1SFlEWCtkbUVXUjhnMG45K2NkRExjSDdtci9CTHYyQlFIdzR1WVNSS3hpZ0JlMyIsImRhdGFrZXkiOiJBUUVCQUhqQjcvaWd3TWc0TlB3YXVyeFNJWXg0SGZueHVHYy80OGJEd3Z3RHBOWVdaZ0FBQUg0d2ZBWUpLb1pJaHZjTkFRY0dvRzh3YlFJQkFEQm9CZ2txaGtpRzl3MEJCd0V3SGdZSllJWklBV1VEQkFFdU1CRUVES3lLYko3dWpjR0poUjF4UEFJQkVJQTd6dnpSVVJTaENhbGtaZWZPdDdxdXlHNmJSZnk3WHhnam83M2tScUFQWU1PZVJaMEo5ekVIdTNla1hmUHo0NEZsMHdSMFVHRHRUQk5pOWxRPSIsInZlcnNpb24iOiIyIiwidHlwZSI6IkRBVEFfS0VZIiwiZXhwaXJhdGlvbiI6MTcyNDY2NjE2OX0=",
            "proxy_endpoint": "https://343953890282.dkr.ecr.us-east-2.amazonaws.com",
            "registry_id": null,
            "user_name": "AWS"
          },
          "sensitive_attributes": []
        }
      ]
    },
    {
      "mode": "data",
      "type": "aws_region",
      "name": "this",
      "provider": "provider[\"registry.terraform.io/hashicorp/aws\"]",
      "instances": [
        {
          "schema_version": 0,
          "attributes": {
            "description": "US East (Ohio)",
            "endpoint": "ec2.us-east-2.amazonaws.com",
            "id": "us-east-2",
            "name": "us-east-2"
          },
          "sensitive_attributes": []
        }
      ]
    },
    {
      "mode": "managed",
      "type": "aws_ecs_cluster",
      "name": "main",
      "provider": "provider[\"registry.terraform.io/hashicorp/aws\"]",
      "instances": [
        {
          "schema_version": 0,
          "attributes": {
            "arn": "arn:aws:ecs:us-east-2:343953890282:cluster/nextjs-email-app-cluster",
            "capacity_providers": [],
            "configuration": [],
            "default_capacity_provider_strategy": [],
            "id": "arn:aws:ecs:us-east-2:343953890282:cluster/nextjs-email-app-cluster",
            "name": "nextjs-email-app-cluster",
            "service_connect_defaults": [],
            "setting": [
              {
                "name": "containerInsights",
                "value": "disabled"
              }
            ],
            "tags": {},
            "tags_all": {}
          },
          "sensitive_attributes": [],
          "private": "bnVsbA=="
        }
      ]
    },
    {
      "mode": "managed",
      "type": "aws_ecs_service",
      "name": "main",
      "provider": "provider[\"registry.terraform.io/hashicorp/aws\"]",
      "instances": [
        {
          "schema_version": 0,
          "attributes": {
            "alarms": [],
            "capacity_provider_strategy": [],
            "cluster": "arn:aws:ecs:us-east-2:343953890282:cluster/nextjs-email-app-cluster",
            "deployment_circuit_breaker": [
              {
                "enable": false,
                "rollback": false
              }
            ],
            "deployment_controller": [
              {
                "type": "ECS"
              }
            ],
            "deployment_maximum_percent": 200,
            "deployment_minimum_healthy_percent": 100,
            "desired_count": 1,
            "enable_ecs_managed_tags": false,
            "enable_execute_command": false,
            "force_new_deployment": null,
            "health_check_grace_period_seconds": 0,
            "iam_role": "/aws-service-role/ecs.amazonaws.com/AWSServiceRoleForECS",
            "id": "arn:aws:ecs:us-east-2:343953890282:service/nextjs-email-app-cluster/nextjs-service",
            "launch_type": "FARGATE",
            "load_balancer": [],
            "name": "nextjs-service",
            "network_configuration": [
              {
                "assign_public_ip": false,
                "security_groups": [
                  "sg-074729ee9559a841a"
                ],
                "subnets": [
                  "subnet-05e86722c54ccbe96"
                ]
              }
            ],
            "ordered_placement_strategy": [],
            "placement_constraints": [],
            "platform_version": "LATEST",
            "propagate_tags": "NONE",
            "scheduling_strategy": "REPLICA",
            "service_connect_configuration": [],
            "service_registries": [],
            "tags": {},
            "tags_all": {},
            "task_definition": "arn:aws:ecs:us-east-2:343953890282:task-definition/nextjs-task:1",
            "timeouts": null,
            "triggers": {},
            "wait_for_steady_state": false
          },
          "sensitive_attributes": [],
          "private": "eyJlMmJmYjczMC1lY2FhLTExZTYtOGY4OC0zNDM2M2JjN2M0YzAiOnsiY3JlYXRlIjoxMjAwMDAwMDAwMDAwLCJkZWxldGUiOjEyMDAwMDAwMDAwMDAsInVwZGF0ZSI6MTIwMDAwMDAwMDAwMH19",
          "dependencies": [
            "aws_ecs_cluster.main",
            "aws_ecs_task_definition.nextjs",
            "aws_iam_role.ecs_task_execution_role"
          ]
        }
      ]
    },
    {
      "mode": "managed",
      "type": "aws_ecs_task_definition",
      "name": "nextjs",
      "provider": "provider[\"registry.terraform.io/hashicorp/aws\"]",
      "instances": [
        {
          "schema_version": 1,
          "attributes": {
            "arn": "arn:aws:ecs:us-east-2:343953890282:task-definition/nextjs-task:1",
            "arn_without_revision": "arn:aws:ecs:us-east-2:343953890282:task-definition/nextjs-task",
            "container_definitions": "[{\"cpu\":256,\"environment\":[],\"essential\":true,\"image\":\"next-email-app:latest\",\"memory\":512,\"mountPoints\":[],\"name\":\"nextjs-container\",\"portMappings\":[{\"containerPort\":3000,\"hostPort\":3000,\"protocol\":\"tcp\"}],\"systemControls\":[],\"volumesFrom\":[]}]",
            "cpu": "256",
            "ephemeral_storage": [],
            "execution_role_arn": "arn:aws:iam::343953890282:role/ecsTaskExecutionRole",
            "family": "nextjs-task",
            "id": "nextjs-task",
            "inference_accelerator": [],
            "ipc_mode": "",
            "memory": "512",
            "network_mode": "awsvpc",
            "pid_mode": "",
            "placement_constraints": [],
            "proxy_configuration": [],
            "requires_compatibilities": [
              "FARGATE"
            ],
            "revision": 1,
            "runtime_platform": [],
            "skip_destroy": false,
            "tags": {},
            "tags_all": {},
            "task_role_arn": "arn:aws:iam::343953890282:role/ecsTaskExecutionRole",
            "volume": []
          },
          "sensitive_attributes": [],
          "private": "eyJzY2hlbWFfdmVyc2lvbiI6IjEifQ==",
          "dependencies": [
            "aws_iam_role.ecs_task_execution_role"
          ]
        }
      ]
    },
    {
      "mode": "managed",
      "type": "aws_iam_role",
      "name": "ecs_task_execution_role",
      "provider": "provider[\"registry.terraform.io/hashicorp/aws\"]",
      "instances": [
        {
          "schema_version": 0,
          "attributes": {
            "arn": "arn:aws:iam::343953890282:role/ecsTaskExecutionRole",
            "assume_role_policy": "{\"Statement\":[{\"Action\":\"sts:AssumeRole\",\"Effect\":\"Allow\",\"Principal\":{\"Service\":\"ecs-tasks.amazonaws.com\"}}],\"Version\":\"2012-10-17\"}",
            "create_date": "2024-08-25T18:20:07Z",
            "description": "",
            "force_detach_policies": false,
            "id": "ecsTaskExecutionRole",
            "inline_policy": [],
            "managed_policy_arns": [
              "arn:aws:iam::aws:policy/service-role/AmazonECSTaskExecutionRolePolicy"
            ],
            "max_session_duration": 3600,
            "name": "ecsTaskExecutionRole",
            "name_prefix": "",
            "path": "/",
            "permissions_boundary": null,
            "role_last_used": [
              {
                "last_used_date": "",
                "region": ""
              }
            ],
            "tags": {},
            "tags_all": {},
            "unique_id": "AROAVAFJ73PVE364OM5YH"
          },
          "sensitive_attributes": [],
          "private": "bnVsbA=="
        }
      ]
    },
    {
      "mode": "managed",
      "type": "docker_image",
      "name": "this",
      "provider": "provider[\"registry.terraform.io/kreuzwerker/docker\"]",
      "instances": [
        {
          "schema_version": 0,
          "attributes": {
            "build": [
              {
                "auth_config": [],
                "build_arg": null,
                "build_args": null,
                "build_id": "",
                "cache_from": [],
                "cgroup_parent": "",
                "context": ".",
                "cpu_period": null,
                "cpu_quota": null,
                "cpu_set_cpus": "",
                "cpu_set_mems": "",
                "cpu_shares": null,
                "dockerfile": "Dockerfile",
                "extra_hosts": [],
                "force_remove": null,
                "isolation": "",
                "label": null,
                "labels": null,
                "memory": null,
                "memory_swap": null,
                "network_mode": "",
                "no_cache": null,
                "platform": "",
                "pull_parent": null,
                "remote_context": "",
                "remove": true,
                "security_opt": [],
                "session_id": "",
                "shm_size": null,
                "squash": null,
                "suppress_output": null,
                "tag": [],
                "target": "",
                "ulimit": [],
                "version": ""
              }
            ],
            "force_remove": null,
            "id": "sha256:6b52208a85a873128ce36590c6f9624f93ac3fce31312f33e89a32d5295c3da7343953890282.dkr.ecr.us-east-2.amazonaws.com/next-email-app:2024-08-25T21-56-14",
            "image_id": "sha256:6b52208a85a873128ce36590c6f9624f93ac3fce31312f33e89a32d5295c3da7",
            "keep_locally": null,
            "name": "343953890282.dkr.ecr.us-east-2.amazonaws.com/next-email-app:2024-08-25T21-56-14",
            "platform": null,
            "pull_triggers": null,
            "repo_digest": "",
            "triggers": null
          },
          "sensitive_attributes": [],
          "private": "bnVsbA==",
          "dependencies": [
            "data.aws_caller_identity.this",
            "data.aws_ecr_authorization_token.this",
            "data.aws_region.this",
            "module.ecr.aws_ecr_repository.this",
            "module.ecr.aws_ecrpublic_repository.this"
          ]
        }
      ]
    },
    {
      "mode": "managed",
      "type": "docker_registry_image",
      "name": "this",
      "provider": "provider[\"registry.terraform.io/kreuzwerker/docker\"]",
      "instances": [
        {
          "schema_version": 0,
          "attributes": {
            "id": "sha256:951e9f2ef30ac4c06bfdea8599d68d38ea96d3e54e14e7d976c4d256fafa9ae1",
            "insecure_skip_verify": false,
            "keep_remotely": true,
            "name": "343953890282.dkr.ecr.us-east-2.amazonaws.com/next-email-app:2024-08-25T21-56-14",
            "sha256_digest": "sha256:951e9f2ef30ac4c06bfdea8599d68d38ea96d3e54e14e7d976c4d256fafa9ae1",
            "triggers": null
          },
          "sensitive_attributes": [],
          "private": "bnVsbA==",
          "dependencies": [
            "data.aws_caller_identity.this",
            "data.aws_ecr_authorization_token.this",
            "data.aws_region.this",
            "docker_image.this",
            "module.ecr.aws_ecr_repository.this",
            "module.ecr.aws_ecrpublic_repository.this"
          ]
        }
      ]
    },
    {
      "module": "module.ecr",
      "mode": "data",
      "type": "aws_caller_identity",
      "name": "current",
      "provider": "provider[\"registry.terraform.io/hashicorp/aws\"]",
      "instances": [
        {
          "schema_version": 0,
          "attributes": {
            "account_id": "343953890282",
            "arn": "arn:aws:iam::343953890282:user/Austin",
            "id": "343953890282",
            "user_id": "AIDAVAFJ73PVFGWK24R7W"
          },
          "sensitive_attributes": []
        }
      ]
    },
    {
      "module": "module.ecr",
      "mode": "data",
      "type": "aws_iam_policy_document",
      "name": "repository",
      "provider": "provider[\"registry.terraform.io/hashicorp/aws\"]",
      "instances": [
        {
          "index_key": 0,
          "schema_version": 0,
          "attributes": {
            "id": "3602830071",
            "json": "{\n  \"Version\": \"2012-10-17\",\n  \"Statement\": [\n    {\n      \"Sid\": \"PrivateReadOnly\",\n      \"Effect\": \"Allow\",\n      \"Action\": [\n        \"ecr:ListTagsForResource\",\n        \"ecr:ListImages\",\n        \"ecr:GetRepositoryPolicy\",\n        \"ecr:GetLifecyclePolicyPreview\",\n        \"ecr:GetLifecyclePolicy\",\n        \"ecr:GetDownloadUrlForLayer\",\n        \"ecr:GetAuthorizationToken\",\n        \"ecr:DescribeRepositories\",\n        \"ecr:DescribeImages\",\n        \"ecr:DescribeImageScanFindings\",\n        \"ecr:BatchGetImage\",\n        \"ecr:BatchCheckLayerAvailability\"\n      ],\n      \"Principal\": {\n        \"AWS\": \"arn:aws:iam::343953890282:root\"\n      }\n    }\n  ]\n}",
            "override_json": null,
            "override_policy_documents": null,
            "policy_id": null,
            "source_json": null,
            "source_policy_documents": null,
            "statement": [
              {
                "actions": [
                  "ecr:BatchCheckLayerAvailability",
                  "ecr:BatchGetImage",
                  "ecr:DescribeImageScanFindings",
                  "ecr:DescribeImages",
                  "ecr:DescribeRepositories",
                  "ecr:GetAuthorizationToken",
                  "ecr:GetDownloadUrlForLayer",
                  "ecr:GetLifecyclePolicy",
                  "ecr:GetLifecyclePolicyPreview",
                  "ecr:GetRepositoryPolicy",
                  "ecr:ListImages",
                  "ecr:ListTagsForResource"
                ],
                "condition": [],
                "effect": "Allow",
                "not_actions": [],
                "not_principals": [],
                "not_resources": [],
                "principals": [
                  {
                    "identifiers": [
                      "arn:aws:iam::343953890282:root"
                    ],
                    "type": "AWS"
                  }
                ],
                "resources": [],
                "sid": "PrivateReadOnly"
              }
            ],
            "version": "2012-10-17"
          },
          "sensitive_attributes": []
        }
      ]
    },
    {
      "module": "module.ecr",
      "mode": "data",
      "type": "aws_partition",
      "name": "current",
      "provider": "provider[\"registry.terraform.io/hashicorp/aws\"]",
      "instances": [
        {
          "schema_version": 0,
          "attributes": {
            "dns_suffix": "amazonaws.com",
            "id": "aws",
            "partition": "aws",
            "reverse_dns_prefix": "com.amazonaws"
          },
          "sensitive_attributes": []
        }
      ]
    },
    {
      "module": "module.ecr",
      "mode": "managed",
      "type": "aws_ecr_lifecycle_policy",
      "name": "this",
      "provider": "provider[\"registry.terraform.io/hashicorp/aws\"]",
      "instances": [
        {
          "index_key": 0,
          "schema_version": 0,
          "attributes": {
            "id": "next-email-app",
            "policy": "{\"rules\":[{\"action\":{\"type\":\"expire\"},\"description\":\"Delete all images except a handful of the newest images\",\"rulePriority\":1,\"selection\":{\"countNumber\":3,\"countType\":\"imageCountMoreThan\",\"tagStatus\":\"any\"}}]}",
            "registry_id": "343953890282",
            "repository": "next-email-app"
          },
          "sensitive_attributes": [],
          "private": "bnVsbA==",
          "dependencies": [
            "module.ecr.aws_ecr_repository.this"
          ]
        }
      ]
    },
    {
      "module": "module.ecr",
      "mode": "managed",
      "type": "aws_ecr_repository",
      "name": "this",
      "provider": "provider[\"registry.terraform.io/hashicorp/aws\"]",
      "instances": [
        {
          "index_key": 0,
          "schema_version": 0,
          "attributes": {
            "arn": "arn:aws:ecr:us-east-2:343953890282:repository/next-email-app",
            "encryption_configuration": [
              {
                "encryption_type": "AES256",
                "kms_key": ""
              }
            ],
            "force_delete": true,
            "id": "next-email-app",
            "image_scanning_configuration": [
              {
                "scan_on_push": true
              }
            ],
            "image_tag_mutability": "IMMUTABLE",
            "name": "next-email-app",
            "registry_id": "343953890282",
            "repository_url": "343953890282.dkr.ecr.us-east-2.amazonaws.com/next-email-app",
            "tags": {},
            "tags_all": {},
            "timeouts": null
          },
          "sensitive_attributes": [],
          "private": "eyJlMmJmYjczMC1lY2FhLTExZTYtOGY4OC0zNDM2M2JjN2M0YzAiOnsiZGVsZXRlIjoxMjAwMDAwMDAwMDAwfX0="
        }
      ]
    },
    {
      "module": "module.ecr",
      "mode": "managed",
      "type": "aws_ecr_repository_policy",
      "name": "this",
      "provider": "provider[\"registry.terraform.io/hashicorp/aws\"]",
      "instances": [
        {
          "index_key": 0,
          "schema_version": 0,
          "attributes": {
            "id": "next-email-app",
            "policy": "{\"Statement\":[{\"Action\":[\"ecr:ListTagsForResource\",\"ecr:ListImages\",\"ecr:GetRepositoryPolicy\",\"ecr:GetLifecyclePolicyPreview\",\"ecr:GetLifecyclePolicy\",\"ecr:GetDownloadUrlForLayer\",\"ecr:GetAuthorizationToken\",\"ecr:DescribeRepositories\",\"ecr:DescribeImages\",\"ecr:DescribeImageScanFindings\",\"ecr:BatchGetImage\",\"ecr:BatchCheckLayerAvailability\"],\"Effect\":\"Allow\",\"Principal\":{\"AWS\":\"arn:aws:iam::343953890282:root\"},\"Sid\":\"PrivateReadOnly\"}],\"Version\":\"2012-10-17\"}",
            "registry_id": "343953890282",
            "repository": "next-email-app"
          },
          "sensitive_attributes": [],
          "private": "bnVsbA==",
          "dependencies": [
            "module.ecr.aws_ecr_repository.this",
            "module.ecr.data.aws_caller_identity.current",
            "module.ecr.data.aws_iam_policy_document.repository",
            "module.ecr.data.aws_partition.current"
          ]
        }
      ]
    }
  ],
  "check_results": null
}
